
Microsoft Visual Studio Solution File, Format Version 12.00
# Visual Studio 14
VisualStudioVersion = 14.0.25420.1
MinimumVisualStudioVersion = 10.0.40219.1
Project("{FAE04EC0-301F-11D3-BF4B-00C04F79EFBC}") = "ServiceStack.Authentication.Layer", "ServiceStack.Authentication.Layer\ServiceStack.Authentication.Layer.csproj", "{A0B505A9-748E-4194-916A-600D22E34B32}"
EndProject
Project("{FAE04EC0-301F-11D3-BF4B-00C04F79EFBC}") = "Sample", "Sample\Sample.csproj", "{A1425FF4-F489-45FC-A91B-515FDF4C8FD9}"
EndProject
Global
	GlobalSection(SolutionConfigurationPlatforms) = preSolution
		Debug|Any CPU = Debug|Any CPU
		Release|Any CPU = Release|Any CPU
	EndGlobalSection
	GlobalSection(ProjectConfigurationPlatforms) = postSolution
		{A0B505A9-748E-4194-916A-600D22E34B32}.Debug|Any CPU.ActiveCfg = Debug|Any CPU
		{A0B505A9-748E-4194-916A-600D22E34B32}.Debug|Any CPU.Build.0 = Debug|Any CPU
		{A0B505A9-748E-4194-916A-600D22E34B32}.Release|Any CPU.ActiveCfg = Release|Any CPU
		{A0B505A9-748E-4194-916A-600D22E34B32}.Release|Any CPU.Build.0 = Release|Any CPU
		{A1425FF4-F489-45FC-A91B-515FDF4C8FD9}.Debug|Any CPU.ActiveCfg = Debug|Any CPU
		{A1425FF4-F489-45FC-A91B-515FDF4C8FD9}.Debug|Any CPU.Build.0 = Debug|Any CPU
		{A1425FF4-F489-45FC-A91B-515FDF4C8FD9}.Release|Any CPU.ActiveCfg = Release|Any CPU
		{A1425FF4-F489-45FC-A91B-515FDF4C8FD9}.Release|Any CPU.Build.0 = Release|Any CPU
	EndGlobalSection
	GlobalSection(SolutionProperties) = preSolution
		HideSolutionNode = FALSE
	EndGlobalSection
EndGlobal
